
Microsoft Visual Studio Solution File, Format Version 12.00
# Visual Studio Version 17
VisualStudioVersion = 17.8.34330.188
MinimumVisualStudioVersion = 10.0.40219.1
Project("{FAE04EC0-301F-11D3-BF4B-00C04F79EFBC}") = "FirstClass", "FirstClass\FirstClass.csproj", "{FE4EF86B-98A4-474C-B08A-E6E498A5C20B}"
EndProject
Project("{FAE04EC0-301F-11D3-BF4B-00C04F79EFBC}") = "LibraryApp", "LibraryApp\LibraryApp.csproj", "{539B627D-3C84-42C6-86D3-C3753D6440A7}"
EndProject
Global
	GlobalSection(SolutionConfigurationPlatforms) = preSolution
		Debug|Any CPU = Debug|Any CPU
		Release|Any CPU = Release|Any CPU
	EndGlobalSection
	GlobalSection(ProjectConfigurationPlatforms) = postSolution
		{FE4EF86B-98A4-474C-B08A-E6E498A5C20B}.Debug|Any CPU.ActiveCfg = Debug|Any CPU
		{FE4EF86B-98A4-474C-B08A-E6E498A5C20B}.Debug|Any CPU.Build.0 = Debug|Any CPU
		{FE4EF86B-98A4-474C-B08A-E6E498A5C20B}.Release|Any CPU.ActiveCfg = Release|Any CPU
		{FE4EF86B-98A4-474C-B08A-E6E498A5C20B}.Release|Any CPU.Build.0 = Release|Any CPU
		{539B627D-3C84-42C6-86D3-C3753D6440A7}.Debug|Any CPU.ActiveCfg = Debug|Any CPU
		{539B627D-3C84-42C6-86D3-C3753D6440A7}.Debug|Any CPU.Build.0 = Debug|Any CPU
		{539B627D-3C84-42C6-86D3-C3753D6440A7}.Release|Any CPU.ActiveCfg = Release|Any CPU
		{539B627D-3C84-42C6-86D3-C3753D6440A7}.Release|Any CPU.Build.0 = Release|Any CPU
	EndGlobalSection
	GlobalSection(SolutionProperties) = preSolution
		HideSolutionNode = FALSE
	EndGlobalSection
	GlobalSection(ExtensibilityGlobals) = postSolution
		SolutionGuid = {AD9284D3-25E8-4439-9647-E115A09A22E4}
	EndGlobalSection
EndGlobal
